{
    "_readme": [
        "This file locks the dependencies of your project to a known state",
        "Read more about it at https://getcomposer.org/doc/01-basic-usage.md#composer-lock-the-lock-file",
        "This file is @generated automatically"
    ],
    "content-hash": "bcb53845822474a3723f125c156ff9a5",
    "packages": [
        {
            "name": "mobiledetect/mobiledetectlib",
            "version": "2.8.28",
            "source": {
                "type": "git",
                "url": "https://github.com/serbanghita/Mobile-Detect.git",
                "reference": "65cd802dad5e85cb8f0ab1ba54ae5fdca765062b"
            },
            "dist": {
                "type": "zip",
                "url": "https://api.github.com/repos/serbanghita/Mobile-Detect/zipball/65cd802dad5e85cb8f0ab1ba54ae5fdca765062b",
                "reference": "65cd802dad5e85cb8f0ab1ba54ae5fdca765062b",
                "shasum": ""
            },
            "require": {
                "php": ">=5.0.0"
            },
            "require-dev": {
                "phpunit/phpunit": "~4.8|5.7"
            },
            "type": "library",
            "autoload": {
                "classmap": [
                    "Mobile_Detect.php"
                ],
                "psr-0": {
                    "Detection": "namespaced/"
                }
            },
            "notification-url": "https://packagist.org/downloads/",
            "license": [
                "MIT"
            ],
            "authors": [
                {
                    "name": "Serban Ghita",
                    "email": "serbanghita@gmail.com",
                    "homepage": "http://mobiledetect.net",
                    "role": "Developer"
                }
            ],
            "description": "Mobile_Detect is a lightweight PHP class for detecting mobile devices. It uses the User-Agent string combined with specific HTTP headers to detect the mobile environment.",
            "homepage": "https://github.com/serbanghita/Mobile-Detect",
            "keywords": [
                "detect mobile devices",
                "mobile",
                "mobile detect",
                "mobile detector",
                "php mobile detect"
            ],
            "time": "2017-12-09T09:59:47+00:00"
        },
        {
            "name": "vlucas/phpdotenv",
            "version": "v2.4.0",
            "source": {
                "type": "git",
                "url": "https://github.com/vlucas/phpdotenv.git",
                "reference": "3cc116adbe4b11be5ec557bf1d24dc5e3a21d18c"
            },
            "dist": {
                "type": "zip",
                "url": "https://api.github.com/repos/vlucas/phpdotenv/zipball/3cc116adbe4b11be5ec557bf1d24dc5e3a21d18c",
                "reference": "3cc116adbe4b11be5ec557bf1d24dc5e3a21d18c",
                "shasum": ""
            },
            "require": {
                "php": ">=5.3.9"
            },
            "require-dev": {
                "phpunit/phpunit": "^4.8 || ^5.0"
            },
            "type": "library",
            "extra": {
                "branch-alias": {
                    "dev-master": "2.4-dev"
                }
            },
            "autoload": {
                "psr-4": {
                    "Dotenv\\": "src/"
                }
            },
            "notification-url": "https://packagist.org/downloads/",
            "license": [
                "BSD-3-Clause-Attribution"
            ],
            "authors": [
                {
                    "name": "Vance Lucas",
                    "email": "vance@vancelucas.com",
                    "homepage": "http://www.vancelucas.com"
                }
            ],
            "description": "Loads environment variables from `.env` to `getenv()`, `$_ENV` and `$_SERVER` automagically.",
            "keywords": [
                "dotenv",
                "env",
                "environment"
            ],
            "time": "2016-09-01T10:05:43+00:00"
        }
    ],
    "packages-dev": [],
    "aliases": [],
    "minimum-stability": "stable",
    "stability-flags": [],
    "prefer-stable": false,
    "prefer-lowest": false,
    "platform": [],
    "platform-dev": []
}
